
Microsoft Visual Studio Solution File, Format Version 12.00
# Visual Studio Version 17
VisualStudioVersion = 17.8.34309.116
MinimumVisualStudioVersion = 10.0.40219.1
Project("{FAE04EC0-301F-11D3-BF4B-00C04F79EFBC}") = "QuickDataApi.PL", "QuickDataApi.PL\QuickDataApi.PL.csproj", "{804DFFE2-B6C7-42AC-852A-EF797B175CBC}"
EndProject
Global
	GlobalSection(SolutionConfigurationPlatforms) = preSolution
		Debug|Any CPU = Debug|Any CPU
		Release|Any CPU = Release|Any CPU
	EndGlobalSection
	GlobalSection(ProjectConfigurationPlatforms) = postSolution
		{804DFFE2-B6C7-42AC-852A-EF797B175CBC}.Debug|Any CPU.ActiveCfg = Debug|Any CPU
		{804DFFE2-B6C7-42AC-852A-EF797B175CBC}.Debug|Any CPU.Build.0 = Debug|Any CPU
		{804DFFE2-B6C7-42AC-852A-EF797B175CBC}.Release|Any CPU.ActiveCfg = Release|Any CPU
		{804DFFE2-B6C7-42AC-852A-EF797B175CBC}.Release|Any CPU.Build.0 = Release|Any CPU
	EndGlobalSection
	GlobalSection(SolutionProperties) = preSolution
		HideSolutionNode = FALSE
	EndGlobalSection
	GlobalSection(ExtensibilityGlobals) = postSolution
		SolutionGuid = {AD419F6D-D0BF-401E-9229-B25C2D108F79}
	EndGlobalSection
EndGlobal
